
Microsoft Visual Studio Solution File, Format Version 12.00
# Visual Studio 15
Project("{FAE04EC0-301F-11D3-BF4B-00C04F79EFBC}") = "Assembly-CSharp", "Assembly-CSharp.csproj", "{C3011DAC-1F01-047E-D09B-E0BBE84BC935}"
EndProject
Project("{FAE04EC0-301F-11D3-BF4B-00C04F79EFBC}") = "Assembly-CSharp-Editor", "Assembly-CSharp-Editor.csproj", "{9CAD5B69-6D2F-C43D-BD93-2EDDDE33F006}"
EndProject
Global
	GlobalSection(SolutionConfigurationPlatforms) = preSolution
		Debug|Any CPU = Debug|Any CPU
		Release|Any CPU = Release|Any CPU
	EndGlobalSection
	GlobalSection(ProjectConfigurationPlatforms) = postSolution
		{C3011DAC-1F01-047E-D09B-E0BBE84BC935}.Debug|Any CPU.ActiveCfg = Debug|Any CPU
		{C3011DAC-1F01-047E-D09B-E0BBE84BC935}.Debug|Any CPU.Build.0 = Debug|Any CPU
		{C3011DAC-1F01-047E-D09B-E0BBE84BC935}.Release|Any CPU.ActiveCfg = Release|Any CPU
		{C3011DAC-1F01-047E-D09B-E0BBE84BC935}.Release|Any CPU.Build.0 = Release|Any CPU
		{9CAD5B69-6D2F-C43D-BD93-2EDDDE33F006}.Debug|Any CPU.ActiveCfg = Debug|Any CPU
		{9CAD5B69-6D2F-C43D-BD93-2EDDDE33F006}.Debug|Any CPU.Build.0 = Debug|Any CPU
		{9CAD5B69-6D2F-C43D-BD93-2EDDDE33F006}.Release|Any CPU.ActiveCfg = Release|Any CPU
		{9CAD5B69-6D2F-C43D-BD93-2EDDDE33F006}.Release|Any CPU.Build.0 = Release|Any CPU
	EndGlobalSection
	GlobalSection(SolutionProperties) = preSolution
		HideSolutionNode = FALSE
	EndGlobalSection
EndGlobal
