
Microsoft Visual Studio Solution File, Format Version 11.00
# Visual Studio 2010
Project("{FAE04EC0-301F-11D3-BF4B-00C04F79EFBC}") = "Assembly-CSharp", "Assembly-CSharp.csproj", "{1ec2fbb2-e915-45bd-fa75-c2586422afb2}"
EndProject
Project("{FAE04EC0-301F-11D3-BF4B-00C04F79EFBC}") = "Assembly-CSharp-Editor", "Assembly-CSharp-Editor.csproj", "{78e4ab62-5f6d-b8f4-776e-16e6cb9a343e}"
EndProject
Global
	GlobalSection(SolutionConfigurationPlatforms) = preSolution
		Debug|Any CPU = Debug|Any CPU
	EndGlobalSection
	GlobalSection(ProjectConfigurationPlatforms) = postSolution
		{1ec2fbb2-e915-45bd-fa75-c2586422afb2}.Debug|Any CPU.ActiveCfg = Debug|Any CPU
		{1ec2fbb2-e915-45bd-fa75-c2586422afb2}.Debug|Any CPU.Build.0 = Debug|Any CPU
		{78e4ab62-5f6d-b8f4-776e-16e6cb9a343e}.Debug|Any CPU.ActiveCfg = Debug|Any CPU
		{78e4ab62-5f6d-b8f4-776e-16e6cb9a343e}.Debug|Any CPU.Build.0 = Debug|Any CPU
	EndGlobalSection
	GlobalSection(SolutionProperties) = preSolution
		HideSolutionNode = FALSE
	EndGlobalSection
EndGlobal
